
Microsoft Visual Studio Solution File, Format Version 12.00
# Visual Studio 14
VisualStudioVersion = 14.0.25123.0
MinimumVisualStudioVersion = 10.0.40219.1
Project("{FAE04EC0-301F-11D3-BF4B-00C04F79EFBC}") = "Name.Web", "Name.Web\Name.Web.csproj", "{CCFF2788-BF65-4CF7-A3A0-B711241C0C7F}"
EndProject
Project("{FAE04EC0-301F-11D3-BF4B-00C04F79EFBC}") = "Name.BusinessLogic", "Name.BusinessLogic\Name.BusinessLogic.csproj", "{E4CFE80F-0EBB-4EDC-B612-AA89CE518065}"
EndProject
Project("{FAE04EC0-301F-11D3-BF4B-00C04F79EFBC}") = "Name.DataAccess", "Name.DataAccess\Name.DataAccess.csproj", "{C50B669C-48F2-4DC0-8467-A0FA01F2DD5C}"
EndProject
Global
	GlobalSection(SolutionConfigurationPlatforms) = preSolution
		Debug|Any CPU = Debug|Any CPU
		Release|Any CPU = Release|Any CPU
	EndGlobalSection
	GlobalSection(ProjectConfigurationPlatforms) = postSolution
		{CCFF2788-BF65-4CF7-A3A0-B711241C0C7F}.Debug|Any CPU.ActiveCfg = Debug|Any CPU
		{CCFF2788-BF65-4CF7-A3A0-B711241C0C7F}.Debug|Any CPU.Build.0 = Debug|Any CPU
		{CCFF2788-BF65-4CF7-A3A0-B711241C0C7F}.Release|Any CPU.ActiveCfg = Release|Any CPU
		{CCFF2788-BF65-4CF7-A3A0-B711241C0C7F}.Release|Any CPU.Build.0 = Release|Any CPU
		{E4CFE80F-0EBB-4EDC-B612-AA89CE518065}.Debug|Any CPU.ActiveCfg = Debug|Any CPU
		{E4CFE80F-0EBB-4EDC-B612-AA89CE518065}.Debug|Any CPU.Build.0 = Debug|Any CPU
		{E4CFE80F-0EBB-4EDC-B612-AA89CE518065}.Release|Any CPU.ActiveCfg = Release|Any CPU
		{E4CFE80F-0EBB-4EDC-B612-AA89CE518065}.Release|Any CPU.Build.0 = Release|Any CPU
		{C50B669C-48F2-4DC0-8467-A0FA01F2DD5C}.Debug|Any CPU.ActiveCfg = Debug|Any CPU
		{C50B669C-48F2-4DC0-8467-A0FA01F2DD5C}.Debug|Any CPU.Build.0 = Debug|Any CPU
		{C50B669C-48F2-4DC0-8467-A0FA01F2DD5C}.Release|Any CPU.ActiveCfg = Release|Any CPU
		{C50B669C-48F2-4DC0-8467-A0FA01F2DD5C}.Release|Any CPU.Build.0 = Release|Any CPU
	EndGlobalSection
	GlobalSection(SolutionProperties) = preSolution
		HideSolutionNode = FALSE
	EndGlobalSection
EndGlobal
